
Microsoft Visual Studio Solution File, Format Version 12.00
# Visual Studio Version 17
VisualStudioVersion = 17.3.32929.385
MinimumVisualStudioVersion = 10.0.40219.1
Project("{FAE04EC0-301F-11D3-BF4B-00C04F79EFBC}") = "Raschet_peredachi", "Raschet_peredachi.csproj", "{7227A13A-9AA3-441B-8F24-3FA132B3E75F}"
EndProject
Global
	GlobalSection(SolutionConfigurationPlatforms) = preSolution
		Debug|Any CPU = Debug|Any CPU
		Release|Any CPU = Release|Any CPU
	EndGlobalSection
	GlobalSection(ProjectConfigurationPlatforms) = postSolution
		{7227A13A-9AA3-441B-8F24-3FA132B3E75F}.Debug|Any CPU.ActiveCfg = Debug|Any CPU
		{7227A13A-9AA3-441B-8F24-3FA132B3E75F}.Debug|Any CPU.Build.0 = Debug|Any CPU
		{7227A13A-9AA3-441B-8F24-3FA132B3E75F}.Release|Any CPU.ActiveCfg = Release|Any CPU
		{7227A13A-9AA3-441B-8F24-3FA132B3E75F}.Release|Any CPU.Build.0 = Release|Any CPU
	EndGlobalSection
	GlobalSection(SolutionProperties) = preSolution
		HideSolutionNode = FALSE
	EndGlobalSection
	GlobalSection(ExtensibilityGlobals) = postSolution
		SolutionGuid = {52C13788-1183-4BB3-9162-F59B66E56595}
	EndGlobalSection
EndGlobal
